// !$*UTF8*$!
{
	archiveVersion = 1;
	classes = {
	};
	objectVersion = 56;
	objects = {

/* Begin PBXBuildFile section */
		F207137728D7477A00E74EC8 /* App.swift in Sources */ = {isa = PBXBuildFile; fileRef = F207137628D7477A00E74EC8 /* App.swift */; };
		F207137928D7477A00E74EC8 /* ContentView.swift in Sources */ = {isa = PBXBuildFile; fileRef = F207137828D7477A00E74EC8 /* ContentView.swift */; };
		F207137B28D7477B00E74EC8 /* Assets.xcassets in Resources */ = {isa = PBXBuildFile; fileRef = F207137A28D7477B00E74EC8 /* Assets.xcassets */; };
		F207137F28D7477B00E74EC8 /* Preview Assets.xcassets in Resources */ = {isa = PBXBuildFile; fileRef = F207137E28D7477B00E74EC8 /* Preview Assets.xcassets */; };
		F246DDC428D75B4F00113905 /* MKCoordinateRegion.swift in Sources */ = {isa = PBXBuildFile; fileRef = F246DDC328D75B4F00113905 /* MKCoordinateRegion.swift */; };
		F246DDC728D75C6100113905 /* DebouncedOnChange in Frameworks */ = {isa = PBXBuildFile; productRef = F246DDC628D75C6100113905 /* DebouncedOnChange */; };
		F246DDCA28D75DF200113905 /* Alamofire in Frameworks */ = {isa = PBXBuildFile; productRef = F246DDC928D75DF200113905 /* Alamofire */; };
		F246DDCD28D75E4500113905 /* TaobinHandler.swift in Sources */ = {isa = PBXBuildFile; fileRef = F246DDCC28D75E4500113905 /* TaobinHandler.swift */; };
		F246DDD028D75E7100113905 /* TaobinDetail.swift in Sources */ = {isa = PBXBuildFile; fileRef = F246DDCF28D75E7100113905 /* TaobinDetail.swift */; };
		F246DDD228D75EB900113905 /* TaobinLocation.swift in Sources */ = {isa = PBXBuildFile; fileRef = F246DDD128D75EB900113905 /* TaobinLocation.swift */; };
		F246DDD628D7622C00113905 /* URL.swift in Sources */ = {isa = PBXBuildFile; fileRef = F246DDD528D7622C00113905 /* URL.swift */; };
		F246DDD928D7630E00113905 /* Config.swift in Sources */ = {isa = PBXBuildFile; fileRef = F246DDD828D7630E00113905 /* Config.swift */; };
		F246DDDB28D7648400113905 /* APIResponseWithData.swift in Sources */ = {isa = PBXBuildFile; fileRef = F246DDDA28D7648400113905 /* APIResponseWithData.swift */; };
		F246DDDD28D7689300113905 /* MapLocationHandler.swift in Sources */ = {isa = PBXBuildFile; fileRef = F246DDDC28D7689300113905 /* MapLocationHandler.swift */; };
		F246DDE028D7771900113905 /* TailwindColor in Frameworks */ = {isa = PBXBuildFile; productRef = F246DDDF28D7771900113905 /* TailwindColor */; };
		F246DDE328D77B1C00113905 /* TaobinOverlayView.swift in Sources */ = {isa = PBXBuildFile; fileRef = F246DDE228D77B1C00113905 /* TaobinOverlayView.swift */; };
		F246DDE628D77D3100113905 /* TaobinFeature.swift in Sources */ = {isa = PBXBuildFile; fileRef = F246DDE528D77D3100113905 /* TaobinFeature.swift */; };
/* End PBXBuildFile section */

/* Begin PBXFileReference section */
		F207137328D7477A00E74EC8 /* Taobin Sighting.app */ = {isa = PBXFileReference; explicitFileType = wrapper.application; includeInIndex = 0; path = "Taobin Sighting.app"; sourceTree = BUILT_PRODUCTS_DIR; };
		F207137628D7477A00E74EC8 /* App.swift */ = {isa = PBXFileReference; lastKnownFileType = sourcecode.swift; path = App.swift; sourceTree = "<group>"; };
		F207137828D7477A00E74EC8 /* ContentView.swift */ = {isa = PBXFileReference; lastKnownFileType = sourcecode.swift; path = ContentView.swift; sourceTree = "<group>"; };
		F207137A28D7477B00E74EC8 /* Assets.xcassets */ = {isa = PBXFileReference; lastKnownFileType = folder.assetcatalog; path = Assets.xcassets; sourceTree = "<group>"; };
		F207137C28D7477B00E74EC8 /* Taobin_Sighting.entitlements */ = {isa = PBXFileReference; lastKnownFileType = text.plist.entitlements; path = Taobin_Sighting.entitlements; sourceTree = "<group>"; };
		F207137E28D7477B00E74EC8 /* Preview Assets.xcassets */ = {isa = PBXFileReference; lastKnownFileType = folder.assetcatalog; path = "Preview Assets.xcassets"; sourceTree = "<group>"; };
		F246DDC328D75B4F00113905 /* MKCoordinateRegion.swift */ = {isa = PBXFileReference; lastKnownFileType = sourcecode.swift; path = MKCoordinateRegion.swift; sourceTree = "<group>"; };
		F246DDCC28D75E4500113905 /* TaobinHandler.swift */ = {isa = PBXFileReference; lastKnownFileType = sourcecode.swift; path = TaobinHandler.swift; sourceTree = "<group>"; };
		F246DDCF28D75E7100113905 /* TaobinDetail.swift */ = {isa = PBXFileReference; lastKnownFileType = sourcecode.swift; path = TaobinDetail.swift; sourceTree = "<group>"; };
		F246DDD128D75EB900113905 /* TaobinLocation.swift */ = {isa = PBXFileReference; lastKnownFileType = sourcecode.swift; path = TaobinLocation.swift; sourceTree = "<group>"; };
		F246DDD528D7622C00113905 /* URL.swift */ = {isa = PBXFileReference; lastKnownFileType = sourcecode.swift; path = URL.swift; sourceTree = "<group>"; };
		F246DDD828D7630E00113905 /* Config.swift */ = {isa = PBXFileReference; lastKnownFileType = sourcecode.swift; path = Config.swift; sourceTree = "<group>"; };
		F246DDDA28D7648400113905 /* APIResponseWithData.swift */ = {isa = PBXFileReference; lastKnownFileType = sourcecode.swift; path = APIResponseWithData.swift; sourceTree = "<group>"; };
		F246DDDC28D7689300113905 /* MapLocationHandler.swift */ = {isa = PBXFileReference; lastKnownFileType = sourcecode.swift; path = MapLocationHandler.swift; sourceTree = "<group>"; };
		F246DDE228D77B1C00113905 /* TaobinOverlayView.swift */ = {isa = PBXFileReference; lastKnownFileType = sourcecode.swift; path = TaobinOverlayView.swift; sourceTree = "<group>"; };
		F246DDE528D77D3100113905 /* TaobinFeature.swift */ = {isa = PBXFileReference; lastKnownFileType = sourcecode.swift; path = TaobinFeature.swift; sourceTree = "<group>"; };
/* End PBXFileReference section */

/* Begin PBXFrameworksBuildPhase section */
		F207137028D7477A00E74EC8 /* Frameworks */ = {
			isa = PBXFrameworksBuildPhase;
			buildActionMask = 2147483647;
			files = (
				F246DDC728D75C6100113905 /* DebouncedOnChange in Frameworks */,
				F246DDE028D7771900113905 /* TailwindColor in Frameworks */,
				F246DDCA28D75DF200113905 /* Alamofire in Frameworks */,
			);
			runOnlyForDeploymentPostprocessing = 0;
		};
/* End PBXFrameworksBuildPhase section */

/* Begin PBXGroup section */
		F207136A28D7477A00E74EC8 = {
			isa = PBXGroup;
			children = (
				F207137528D7477A00E74EC8 /* Taobin Sighting */,
				F207137428D7477A00E74EC8 /* Products */,
			);
			sourceTree = "<group>";
		};
		F207137428D7477A00E74EC8 /* Products */ = {
			isa = PBXGroup;
			children = (
				F207137328D7477A00E74EC8 /* Taobin Sighting.app */,
			);
			name = Products;
			sourceTree = "<group>";
		};
		F207137528D7477A00E74EC8 /* Taobin Sighting */ = {
			isa = PBXGroup;
			children = (
				F246DDE428D77D0800113905 /* Components */,
				F246DDE128D77B0B00113905 /* Views */,
				F246DDD728D7630500113905 /* Constants */,
				F246DDCB28D75E3500113905 /* ObservableObject */,
				F246DDC228D75B4100113905 /* Extensions */,
				F207138528D7489A00E74EC8 /* Codables */,
				F207137628D7477A00E74EC8 /* App.swift */,
				F207137828D7477A00E74EC8 /* ContentView.swift */,
				F207137A28D7477B00E74EC8 /* Assets.xcassets */,
				F207137C28D7477B00E74EC8 /* Taobin_Sighting.entitlements */,
				F207137D28D7477B00E74EC8 /* Preview Content */,
			);
			path = "Taobin Sighting";
			sourceTree = "<group>";
		};
		F207137D28D7477B00E74EC8 /* Preview Content */ = {
			isa = PBXGroup;
			children = (
				F207137E28D7477B00E74EC8 /* Preview Assets.xcassets */,
			);
			path = "Preview Content";
			sourceTree = "<group>";
		};
		F207138528D7489A00E74EC8 /* Codables */ = {
			isa = PBXGroup;
			children = (
				F246DDCF28D75E7100113905 /* TaobinDetail.swift */,
				F246DDD128D75EB900113905 /* TaobinLocation.swift */,
				F246DDDA28D7648400113905 /* APIResponseWithData.swift */,
			);
			path = Codables;
			sourceTree = "<group>";
		};
		F246DDC228D75B4100113905 /* Extensions */ = {
			isa = PBXGroup;
			children = (
				F246DDC328D75B4F00113905 /* MKCoordinateRegion.swift */,
				F246DDD528D7622C00113905 /* URL.swift */,
			);
			path = Extensions;
			sourceTree = "<group>";
		};
		F246DDCB28D75E3500113905 /* ObservableObject */ = {
			isa = PBXGroup;
			children = (
				F246DDCC28D75E4500113905 /* TaobinHandler.swift */,
				F246DDDC28D7689300113905 /* MapLocationHandler.swift */,
			);
			path = ObservableObject;
			sourceTree = "<group>";
		};
		F246DDD728D7630500113905 /* Constants */ = {
			isa = PBXGroup;
			children = (
				F246DDD828D7630E00113905 /* Config.swift */,
			);
			path = Constants;
			sourceTree = "<group>";
		};
		F246DDE128D77B0B00113905 /* Views */ = {
			isa = PBXGroup;
			children = (
				F246DDE228D77B1C00113905 /* TaobinOverlayView.swift */,
			);
			path = Views;
			sourceTree = "<group>";
		};
		F246DDE428D77D0800113905 /* Components */ = {
			isa = PBXGroup;
			children = (
				F246DDE528D77D3100113905 /* TaobinFeature.swift */,
			);
			path = Components;
			sourceTree = "<group>";
		};
/* End PBXGroup section */

/* Begin PBXNativeTarget section */
		F207137228D7477A00E74EC8 /* Taobin Sighting */ = {
			isa = PBXNativeTarget;
			buildConfigurationList = F207138228D7477B00E74EC8 /* Build configuration list for PBXNativeTarget "Taobin Sighting" */;
			buildPhases = (
				F207136F28D7477A00E74EC8 /* Sources */,
				F207137028D7477A00E74EC8 /* Frameworks */,
				F207137128D7477A00E74EC8 /* Resources */,
			);
			buildRules = (
			);
			dependencies = (
			);
			name = "Taobin Sighting";
			packageProductDependencies = (
				F246DDC628D75C6100113905 /* DebouncedOnChange */,
				F246DDC928D75DF200113905 /* Alamofire */,
				F246DDDF28D7771900113905 /* TailwindColor */,
			);
			productName = "Taobin Sighting";
			productReference = F207137328D7477A00E74EC8 /* Taobin Sighting.app */;
			productType = "com.apple.product-type.application";
		};
/* End PBXNativeTarget section */

/* Begin PBXProject section */
		F207136B28D7477A00E74EC8 /* Project object */ = {
			isa = PBXProject;
			attributes = {
				BuildIndependentTargetsInParallel = 1;
				LastSwiftUpdateCheck = 1410;
				LastUpgradeCheck = 1410;
				TargetAttributes = {
					F207137228D7477A00E74EC8 = {
						CreatedOnToolsVersion = 14.1;
					};
				};
			};
			buildConfigurationList = F207136E28D7477A00E74EC8 /* Build configuration list for PBXProject "Taobin Sighting" */;
			compatibilityVersion = "Xcode 14.0";
			developmentRegion = en;
			hasScannedForEncodings = 0;
			knownRegions = (
				en,
				Base,
			);
			mainGroup = F207136A28D7477A00E74EC8;
			packageReferences = (
				F246DDC528D75C6100113905 /* XCRemoteSwiftPackageReference "DebouncedOnChange" */,
				F246DDC828D75DF200113905 /* XCRemoteSwiftPackageReference "Alamofire" */,
				F246DDDE28D7771900113905 /* XCRemoteSwiftPackageReference "swiftui-tailwind-color" */,
			);
			productRefGroup = F207137428D7477A00E74EC8 /* Products */;
			projectDirPath = "";
			projectRoot = "";
			targets = (
				F207137228D7477A00E74EC8 /* Taobin Sighting */,
			);
		};
/* End PBXProject section */

/* Begin PBXResourcesBuildPhase section */
		F207137128D7477A00E74EC8 /* Resources */ = {
			isa = PBXResourcesBuildPhase;
			buildActionMask = 2147483647;
			files = (
				F207137F28D7477B00E74EC8 /* Preview Assets.xcassets in Resources */,
				F207137B28D7477B00E74EC8 /* Assets.xcassets in Resources */,
			);
			runOnlyForDeploymentPostprocessing = 0;
		};
/* End PBXResourcesBuildPhase section */

/* Begin PBXSourcesBuildPhase section */
		F207136F28D7477A00E74EC8 /* Sources */ = {
			isa = PBXSourcesBuildPhase;
			buildActionMask = 2147483647;
			files = (
				F246DDDD28D7689300113905 /* MapLocationHandler.swift in Sources */,
				F207137928D7477A00E74EC8 /* ContentView.swift in Sources */,
				F246DDCD28D75E4500113905 /* TaobinHandler.swift in Sources */,
				F246DDD928D7630E00113905 /* Config.swift in Sources */,
				F246DDE628D77D3100113905 /* TaobinFeature.swift in Sources */,
				F246DDD028D75E7100113905 /* TaobinDetail.swift in Sources */,
				F246DDDB28D7648400113905 /* APIResponseWithData.swift in Sources */,
				F246DDD228D75EB900113905 /* TaobinLocation.swift in Sources */,
				F207137728D7477A00E74EC8 /* App.swift in Sources */,
				F246DDE328D77B1C00113905 /* TaobinOverlayView.swift in Sources */,
				F246DDC428D75B4F00113905 /* MKCoordinateRegion.swift in Sources */,
				F246DDD628D7622C00113905 /* URL.swift in Sources */,
			);
			runOnlyForDeploymentPostprocessing = 0;
		};
/* End PBXSourcesBuildPhase section */

/* Begin XCBuildConfiguration section */
		F207138028D7477B00E74EC8 /* Debug */ = {
			isa = XCBuildConfiguration;
			buildSettings = {
				ALWAYS_SEARCH_USER_PATHS = NO;
				CLANG_ANALYZER_NONNULL = YES;
				CLANG_ANALYZER_NUMBER_OBJECT_CONVERSION = YES_AGGRESSIVE;
				CLANG_CXX_LANGUAGE_STANDARD = "gnu++20";
				CLANG_ENABLE_MODULES = YES;
				CLANG_ENABLE_OBJC_ARC = YES;
				CLANG_ENABLE_OBJC_WEAK = YES;
				CLANG_WARN_BLOCK_CAPTURE_AUTORELEASING = YES;
				CLANG_WARN_BOOL_CONVERSION = YES;
				CLANG_WARN_COMMA = YES;
				CLANG_WARN_CONSTANT_CONVERSION = YES;
				CLANG_WARN_DEPRECATED_OBJC_IMPLEMENTATIONS = YES;
				CLANG_WARN_DIRECT_OBJC_ISA_USAGE = YES_ERROR;
				CLANG_WARN_DOCUMENTATION_COMMENTS = YES;
				CLANG_WARN_EMPTY_BODY = YES;
				CLANG_WARN_ENUM_CONVERSION = YES;
				CLANG_WARN_INFINITE_RECURSION = YES;
				CLANG_WARN_INT_CONVERSION = YES;
				CLANG_WARN_NON_LITERAL_NULL_CONVERSION = YES;
				CLANG_WARN_OBJC_IMPLICIT_RETAIN_SELF = YES;
				CLANG_WARN_OBJC_LITERAL_CONVERSION = YES;
				CLANG_WARN_OBJC_ROOT_CLASS = YES_ERROR;
				CLANG_WARN_QUOTED_INCLUDE_IN_FRAMEWORK_HEADER = YES;
				CLANG_WARN_RANGE_LOOP_ANALYSIS = YES;
				CLANG_WARN_STRICT_PROTOTYPES = YES;
				CLANG_WARN_SUSPICIOUS_MOVE = YES;
				CLANG_WARN_UNGUARDED_AVAILABILITY = YES_AGGRESSIVE;
				CLANG_WARN_UNREACHABLE_CODE = YES;
				CLANG_WARN__DUPLICATE_METHOD_MATCH = YES;
				COPY_PHASE_STRIP = NO;
				DEBUG_INFORMATION_FORMAT = dwarf;
				ENABLE_STRICT_OBJC_MSGSEND = YES;
				ENABLE_TESTABILITY = YES;
				GCC_C_LANGUAGE_STANDARD = gnu11;
				GCC_DYNAMIC_NO_PIC = NO;
				GCC_NO_COMMON_BLOCKS = YES;
				GCC_OPTIMIZATION_LEVEL = 0;
				GCC_PREPROCESSOR_DEFINITIONS = (
					"DEBUG=1",
					"$(inherited)",
				);
				GCC_WARN_64_TO_32_BIT_CONVERSION = YES;
				GCC_WARN_ABOUT_RETURN_TYPE = YES_ERROR;
				GCC_WARN_UNDECLARED_SELECTOR = YES;
				GCC_WARN_UNINITIALIZED_AUTOS = YES_AGGRESSIVE;
				GCC_WARN_UNUSED_FUNCTION = YES;
				GCC_WARN_UNUSED_VARIABLE = YES;
				MTL_ENABLE_DEBUG_INFO = INCLUDE_SOURCE;
				MTL_FAST_MATH = YES;
				ONLY_ACTIVE_ARCH = YES;
				SWIFT_ACTIVE_COMPILATION_CONDITIONS = DEBUG;
				SWIFT_OPTIMIZATION_LEVEL = "-Onone";
			};
			name = Debug;
		};
		F207138128D7477B00E74EC8 /* Release */ = {
			isa = XCBuildConfiguration;
			buildSettings = {
				ALWAYS_SEARCH_USER_PATHS = NO;
				CLANG_ANALYZER_NONNULL = YES;
				CLANG_ANALYZER_NUMBER_OBJECT_CONVERSION = YES_AGGRESSIVE;
				CLANG_CXX_LANGUAGE_STANDARD = "gnu++20";
				CLANG_ENABLE_MODULES = YES;
				CLANG_ENABLE_OBJC_ARC = YES;
				CLANG_ENABLE_OBJC_WEAK = YES;
				CLANG_WARN_BLOCK_CAPTURE_AUTORELEASING = YES;
				CLANG_WARN_BOOL_CONVERSION = YES;
				CLANG_WARN_COMMA = YES;
				CLANG_WARN_CONSTANT_CONVERSION = YES;
				CLANG_WARN_DEPRECATED_OBJC_IMPLEMENTATIONS = YES;
				CLANG_WARN_DIRECT_OBJC_ISA_USAGE = YES_ERROR;
				CLANG_WARN_DOCUMENTATION_COMMENTS = YES;
				CLANG_WARN_EMPTY_BODY = YES;
				CLANG_WARN_ENUM_CONVERSION = YES;
				CLANG_WARN_INFINITE_RECURSION = YES;
				CLANG_WARN_INT_CONVERSION = YES;
				CLANG_WARN_NON_LITERAL_NULL_CONVERSION = YES;
				CLANG_WARN_OBJC_IMPLICIT_RETAIN_SELF = YES;
				CLANG_WARN_OBJC_LITERAL_CONVERSION = YES;
				CLANG_WARN_OBJC_ROOT_CLASS = YES_ERROR;
				CLANG_WARN_QUOTED_INCLUDE_IN_FRAMEWORK_HEADER = YES;
				CLANG_WARN_RANGE_LOOP_ANALYSIS = YES;
				CLANG_WARN_STRICT_PROTOTYPES = YES;
				CLANG_WARN_SUSPICIOUS_MOVE = YES;
				CLANG_WARN_UNGUARDED_AVAILABILITY = YES_AGGRESSIVE;
				CLANG_WARN_UNREACHABLE_CODE = YES;
				CLANG_WARN__DUPLICATE_METHOD_MATCH = YES;
				COPY_PHASE_STRIP = NO;
				DEBUG_INFORMATION_FORMAT = "dwarf-with-dsym";
				ENABLE_NS_ASSERTIONS = NO;
				ENABLE_STRICT_OBJC_MSGSEND = YES;
				GCC_C_LANGUAGE_STANDARD = gnu11;
				GCC_NO_COMMON_BLOCKS = YES;
				GCC_WARN_64_TO_32_BIT_CONVERSION = YES;
				GCC_WARN_ABOUT_RETURN_TYPE = YES_ERROR;
				GCC_WARN_UNDECLARED_SELECTOR = YES;
				GCC_WARN_UNINITIALIZED_AUTOS = YES_AGGRESSIVE;
				GCC_WARN_UNUSED_FUNCTION = YES;
				GCC_WARN_UNUSED_VARIABLE = YES;
				MTL_ENABLE_DEBUG_INFO = NO;
				MTL_FAST_MATH = YES;
				SWIFT_COMPILATION_MODE = wholemodule;
				SWIFT_OPTIMIZATION_LEVEL = "-O";
			};
			name = Release;
		};
		F207138328D7477B00E74EC8 /* Debug */ = {
			isa = XCBuildConfiguration;
			buildSettings = {
				ASSETCATALOG_COMPILER_APPICON_NAME = AppIcon;
				ASSETCATALOG_COMPILER_GLOBAL_ACCENT_COLOR_NAME = AccentColor;
				CODE_SIGN_ENTITLEMENTS = "Taobin Sighting/Taobin_Sighting.entitlements";
				CODE_SIGN_STYLE = Automatic;
				CURRENT_PROJECT_VERSION = 1;
				DEVELOPMENT_ASSET_PATHS = "\"Taobin Sighting/Preview Content\"";
				DEVELOPMENT_TEAM = 3Q5KKY45ZN;
				ENABLE_HARDENED_RUNTIME = YES;
				ENABLE_PREVIEWS = YES;
				GENERATE_INFOPLIST_FILE = YES;
				INFOPLIST_KEY_NSLocationAlwaysAndWhenInUseUsageDescription = "";
				INFOPLIST_KEY_NSLocationWhenInUseUsageDescription = "Locate user to pinpoint relative position to nearest Taobin machine";
				"INFOPLIST_KEY_UIApplicationSceneManifest_Generation[sdk=iphoneos*]" = YES;
				"INFOPLIST_KEY_UIApplicationSceneManifest_Generation[sdk=iphonesimulator*]" = YES;
				"INFOPLIST_KEY_UIApplicationSupportsIndirectInputEvents[sdk=iphoneos*]" = YES;
				"INFOPLIST_KEY_UIApplicationSupportsIndirectInputEvents[sdk=iphonesimulator*]" = YES;
				"INFOPLIST_KEY_UILaunchScreen_Generation[sdk=iphoneos*]" = YES;
				"INFOPLIST_KEY_UILaunchScreen_Generation[sdk=iphonesimulator*]" = YES;
				"INFOPLIST_KEY_UIStatusBarStyle[sdk=iphoneos*]" = UIStatusBarStyleDefault;
				"INFOPLIST_KEY_UIStatusBarStyle[sdk=iphonesimulator*]" = UIStatusBarStyleDefault;
				INFOPLIST_KEY_UISupportedInterfaceOrientations_iPad = "UIInterfaceOrientationPortrait UIInterfaceOrientationPortraitUpsideDown UIInterfaceOrientationLandscapeLeft UIInterfaceOrientationLandscapeRight";
				INFOPLIST_KEY_UISupportedInterfaceOrientations_iPhone = "UIInterfaceOrientationPortrait UIInterfaceOrientationLandscapeLeft UIInterfaceOrientationLandscapeRight";
				IPHONEOS_DEPLOYMENT_TARGET = 16.1;
				LD_RUNPATH_SEARCH_PATHS = "@executable_path/Frameworks";
				"LD_RUNPATH_SEARCH_PATHS[sdk=macosx*]" = "@executable_path/../Frameworks";
				MACOSX_DEPLOYMENT_TARGET = 13.0;
				MARKETING_VERSION = 1.0;
				PRODUCT_BUNDLE_IDENTIFIER = "com.rayriffy.Taobin-Sighting";
				PRODUCT_NAME = "$(TARGET_NAME)";
				SDKROOT = auto;
				SUPPORTED_PLATFORMS = "iphoneos iphonesimulator";
				SUPPORTS_MACCATALYST = NO;
				SUPPORTS_MAC_DESIGNED_FOR_IPHONE_IPAD = NO;
				SWIFT_EMIT_LOC_STRINGS = YES;
				SWIFT_VERSION = 5.0;
				TARGETED_DEVICE_FAMILY = 1;
			};
			name = Debug;
		};
		F207138428D7477B00E74EC8 /* Release */ = {
			isa = XCBuildConfiguration;
			buildSettings = {
				ASSETCATALOG_COMPILER_APPICON_NAME = AppIcon;
				ASSETCATALOG_COMPILER_GLOBAL_ACCENT_COLOR_NAME = AccentColor;
				CODE_SIGN_ENTITLEMENTS = "Taobin Sighting/Taobin_Sighting.entitlements";
				CODE_SIGN_STYLE = Automatic;
				CURRENT_PROJECT_VERSION = 1;
				DEVELOPMENT_ASSET_PATHS = "\"Taobin Sighting/Preview Content\"";
				DEVELOPMENT_TEAM = 3Q5KKY45ZN;
				ENABLE_HARDENED_RUNTIME = YES;
				ENABLE_PREVIEWS = YES;
				GENERATE_INFOPLIST_FILE = YES;
				INFOPLIST_KEY_NSLocationAlwaysAndWhenInUseUsageDescription = "";
				INFOPLIST_KEY_NSLocationWhenInUseUsageDescription = "Locate user to pinpoint relative position to nearest Taobin machine";
				"INFOPLIST_KEY_UIApplicationSceneManifest_Generation[sdk=iphoneos*]" = YES;
				"INFOPLIST_KEY_UIApplicationSceneManifest_Generation[sdk=iphonesimulator*]" = YES;
				"INFOPLIST_KEY_UIApplicationSupportsIndirectInputEvents[sdk=iphoneos*]" = YES;
				"INFOPLIST_KEY_UIApplicationSupportsIndirectInputEvents[sdk=iphonesimulator*]" = YES;
				"INFOPLIST_KEY_UILaunchScreen_Generation[sdk=iphoneos*]" = YES;
				"INFOPLIST_KEY_UILaunchScreen_Generation[sdk=iphonesimulator*]" = YES;
				"INFOPLIST_KEY_UIStatusBarStyle[sdk=iphoneos*]" = UIStatusBarStyleDefault;
				"INFOPLIST_KEY_UIStatusBarStyle[sdk=iphonesimulator*]" = UIStatusBarStyleDefault;
				INFOPLIST_KEY_UISupportedInterfaceOrientations_iPad = "UIInterfaceOrientationPortrait UIInterfaceOrientationPortraitUpsideDown UIInterfaceOrientationLandscapeLeft UIInterfaceOrientationLandscapeRight";
				INFOPLIST_KEY_UISupportedInterfaceOrientations_iPhone = "UIInterfaceOrientationPortrait UIInterfaceOrientationLandscapeLeft UIInterfaceOrientationLandscapeRight";
				IPHONEOS_DEPLOYMENT_TARGET = 16.1;
				LD_RUNPATH_SEARCH_PATHS = "@executable_path/Frameworks";
				"LD_RUNPATH_SEARCH_PATHS[sdk=macosx*]" = "@executable_path/../Frameworks";
				MACOSX_DEPLOYMENT_TARGET = 13.0;
				MARKETING_VERSION = 1.0;
				PRODUCT_BUNDLE_IDENTIFIER = "com.rayriffy.Taobin-Sighting";
				PRODUCT_NAME = "$(TARGET_NAME)";
				SDKROOT = auto;
				SUPPORTED_PLATFORMS = "iphoneos iphonesimulator";
				SUPPORTS_MACCATALYST = NO;
				SUPPORTS_MAC_DESIGNED_FOR_IPHONE_IPAD = NO;
				SWIFT_EMIT_LOC_STRINGS = YES;
				SWIFT_VERSION = 5.0;
				TARGETED_DEVICE_FAMILY = 1;
			};
			name = Release;
		};
/* End XCBuildConfiguration section */

/* Begin XCConfigurationList section */
		F207136E28D7477A00E74EC8 /* Build configuration list for PBXProject "Taobin Sighting" */ = {
			isa = XCConfigurationList;
			buildConfigurations = (
				F207138028D7477B00E74EC8 /* Debug */,
				F207138128D7477B00E74EC8 /* Release */,
			);
			defaultConfigurationIsVisible = 0;
			defaultConfigurationName = Release;
		};
		F207138228D7477B00E74EC8 /* Build configuration list for PBXNativeTarget "Taobin Sighting" */ = {
			isa = XCConfigurationList;
			buildConfigurations = (
				F207138328D7477B00E74EC8 /* Debug */,
				F207138428D7477B00E74EC8 /* Release */,
			);
			defaultConfigurationIsVisible = 0;
			defaultConfigurationName = Release;
		};
/* End XCConfigurationList section */

/* Begin XCRemoteSwiftPackageReference section */
		F246DDC528D75C6100113905 /* XCRemoteSwiftPackageReference "DebouncedOnChange" */ = {
			isa = XCRemoteSwiftPackageReference;
			repositoryURL = "https://github.com/Tunous/DebouncedOnChange.git";
			requirement = {
				kind = upToNextMajorVersion;
				minimumVersion = 1.0.0;
			};
		};
		F246DDC828D75DF200113905 /* XCRemoteSwiftPackageReference "Alamofire" */ = {
			isa = XCRemoteSwiftPackageReference;
			repositoryURL = "https://github.com/Alamofire/Alamofire.git";
			requirement = {
				branch = master;
				kind = branch;
			};
		};
		F246DDDE28D7771900113905 /* XCRemoteSwiftPackageReference "swiftui-tailwind-color" */ = {
			isa = XCRemoteSwiftPackageReference;
			repositoryURL = "https://github.com/rayriffy/swiftui-tailwind-color.git";
			requirement = {
				branch = main;
				kind = branch;
			};
		};
/* End XCRemoteSwiftPackageReference section */

/* Begin XCSwiftPackageProductDependency section */
		F246DDC628D75C6100113905 /* DebouncedOnChange */ = {
			isa = XCSwiftPackageProductDependency;
			package = F246DDC528D75C6100113905 /* XCRemoteSwiftPackageReference "DebouncedOnChange" */;
			productName = DebouncedOnChange;
		};
		F246DDC928D75DF200113905 /* Alamofire */ = {
			isa = XCSwiftPackageProductDependency;
			package = F246DDC828D75DF200113905 /* XCRemoteSwiftPackageReference "Alamofire" */;
			productName = Alamofire;
		};
		F246DDDF28D7771900113905 /* TailwindColor */ = {
			isa = XCSwiftPackageProductDependency;
			package = F246DDDE28D7771900113905 /* XCRemoteSwiftPackageReference "swiftui-tailwind-color" */;
			productName = TailwindColor;
		};
/* End XCSwiftPackageProductDependency section */
	};
	rootObject = F207136B28D7477A00E74EC8 /* Project object */;
}
